
Microsoft Visual Studio Solution File, Format Version 12.00
# Visual Studio 2013
VisualStudioVersion = 12.0.21005.1
MinimumVisualStudioVersion = 10.0.40219.1
Project("{FAE04EC0-301F-11D3-BF4B-00C04F79EFBC}") = "N_Server", "N_Server\N_Server.csproj", "{92931B22-2CD4-47FE-975C-72B8A56F4272}"
EndProject
Project("{FAE04EC0-301F-11D3-BF4B-00C04F79EFBC}") = "N_Client", "N_Client\N_Client.csproj", "{679CD0E4-388A-4298-9D4F-2DC36336B73E}"
EndProject
Project("{FAE04EC0-301F-11D3-BF4B-00C04F79EFBC}") = "W_Server", "W_Server\W_Server.csproj", "{B12B5A5E-F637-4A4B-9CA4-20382C1684CD}"
EndProject
Global
	GlobalSection(SolutionConfigurationPlatforms) = preSolution
		Debug|Any CPU = Debug|Any CPU
		Release|Any CPU = Release|Any CPU
	EndGlobalSection
	GlobalSection(ProjectConfigurationPlatforms) = postSolution
		{92931B22-2CD4-47FE-975C-72B8A56F4272}.Debug|Any CPU.ActiveCfg = Debug|Any CPU
		{92931B22-2CD4-47FE-975C-72B8A56F4272}.Debug|Any CPU.Build.0 = Debug|Any CPU
		{92931B22-2CD4-47FE-975C-72B8A56F4272}.Release|Any CPU.ActiveCfg = Release|Any CPU
		{92931B22-2CD4-47FE-975C-72B8A56F4272}.Release|Any CPU.Build.0 = Release|Any CPU
		{679CD0E4-388A-4298-9D4F-2DC36336B73E}.Debug|Any CPU.ActiveCfg = Debug|Any CPU
		{679CD0E4-388A-4298-9D4F-2DC36336B73E}.Debug|Any CPU.Build.0 = Debug|Any CPU
		{679CD0E4-388A-4298-9D4F-2DC36336B73E}.Release|Any CPU.ActiveCfg = Release|Any CPU
		{679CD0E4-388A-4298-9D4F-2DC36336B73E}.Release|Any CPU.Build.0 = Release|Any CPU
		{B12B5A5E-F637-4A4B-9CA4-20382C1684CD}.Debug|Any CPU.ActiveCfg = Debug|Any CPU
		{B12B5A5E-F637-4A4B-9CA4-20382C1684CD}.Debug|Any CPU.Build.0 = Debug|Any CPU
		{B12B5A5E-F637-4A4B-9CA4-20382C1684CD}.Release|Any CPU.ActiveCfg = Release|Any CPU
		{B12B5A5E-F637-4A4B-9CA4-20382C1684CD}.Release|Any CPU.Build.0 = Release|Any CPU
	EndGlobalSection
	GlobalSection(SolutionProperties) = preSolution
		HideSolutionNode = FALSE
	EndGlobalSection
EndGlobal
